
Microsoft Visual Studio Solution File, Format Version 12.00
# Visual Studio 2012
Project("{8BC9CEB8-8B4A-11D0-8D11-00A0C91BC942}") = "PlayMp3File", "PlayMp3File.vcxproj", "{5AC1B760-119D-4FC4-A375-248D168B5061}"
EndProject
Global
	GlobalSection(SolutionConfigurationPlatforms) = preSolution
		Debug|Win32 = Debug|Win32
		Release|Win32 = Release|Win32
	EndGlobalSection
	GlobalSection(ProjectConfigurationPlatforms) = postSolution
		{5AC1B760-119D-4FC4-A375-248D168B5061}.Debug|Win32.ActiveCfg = Debug|Win32
		{5AC1B760-119D-4FC4-A375-248D168B5061}.Debug|Win32.Build.0 = Debug|Win32
		{5AC1B760-119D-4FC4-A375-248D168B5061}.Release|Win32.ActiveCfg = Release|Win32
		{5AC1B760-119D-4FC4-A375-248D168B5061}.Release|Win32.Build.0 = Release|Win32
	EndGlobalSection
	GlobalSection(SolutionProperties) = preSolution
		HideSolutionNode = FALSE
	EndGlobalSection
EndGlobal
