<?xml version="1.0" encoding="utf-8"?>
<Project ToolsVersion="4.0" xmlns="http://schemas.microsoft.com/developer/msbuild/2003">
  <ItemGroup>
    <Filter Include="Source Files">
      <UniqueIdentifier>{bfebde5c-3a08-478f-a60f-7d281a2fbf61}</UniqueIdentifier>
    </Filter>
    <Filter Include="Generated Files">
      <UniqueIdentifier>{4d36e142-4356-4fe4-a7e1-3550095617c5}</UniqueIdentifier>
      <SourceControlFiles>False</SourceControlFiles>
    </Filter>
  </ItemGroup>
  <ItemGroup>
    <None Include="VbsEventsps.def" />
  </ItemGroup>
  <ItemGroup>
    <ClCompile Include="VbsEvents_i.c">
      <Filter>Generated Files</Filter>
    </ClCompile>
    <ClCompile Include="VbsEvents_p.c">
      <Filter>Generated Files</Filter>
    </ClCompile>
    <ClCompile Include="dlldata.c">
      <Filter>Generated Files</Filter>
    </ClCompile>
  </ItemGroup>
</Project>