<?xml version="1.0" encoding="utf-8"?>
<Project ToolsVersion="4.0" xmlns="http://schemas.microsoft.com/developer/msbuild/2003">
  <ItemGroup>
    <Filter Include="Source Files">
      <UniqueIdentifier>{58d6015c-372b-448c-86f0-6f1cbcddff47}</UniqueIdentifier>
    </Filter>
    <Filter Include="Generated Files">
      <UniqueIdentifier>{4acc00a9-7367-463e-920a-7545ec4a1562}</UniqueIdentifier>
      <SourceControlFiles>False</SourceControlFiles>
    </Filter>
  </ItemGroup>
  <ItemGroup>
    <None Include="AtlDialogSampleps.def" />
  </ItemGroup>
  <ItemGroup>
    <ClCompile Include="AtlDialogSample_i.c">
      <Filter>Generated Files</Filter>
    </ClCompile>
    <ClCompile Include="AtlDialogSample_p.c">
      <Filter>Generated Files</Filter>
    </ClCompile>
    <ClCompile Include="dlldata.c">
      <Filter>Generated Files</Filter>
    </ClCompile>
  </ItemGroup>
</Project>