
Microsoft Visual Studio Solution File, Format Version 12.00
# Visual Studio 2012
Project("{FAE04EC0-301F-11D3-BF4B-00C04F79EFBC}") = "FilterGraphText", "FilterGraphText\FilterGraphText.csproj", "{35082D27-E067-4ABC-95C3-BE30E52BCBB3}"
EndProject
Global
	GlobalSection(SolutionConfigurationPlatforms) = preSolution
		Debug|Any CPU = Debug|Any CPU
		Release|Any CPU = Release|Any CPU
	EndGlobalSection
	GlobalSection(ProjectConfigurationPlatforms) = postSolution
		{35082D27-E067-4ABC-95C3-BE30E52BCBB3}.Debug|Any CPU.ActiveCfg = Debug|Any CPU
		{35082D27-E067-4ABC-95C3-BE30E52BCBB3}.Debug|Any CPU.Build.0 = Debug|Any CPU
		{35082D27-E067-4ABC-95C3-BE30E52BCBB3}.Release|Any CPU.ActiveCfg = Release|Any CPU
		{35082D27-E067-4ABC-95C3-BE30E52BCBB3}.Release|Any CPU.Build.0 = Release|Any CPU
	EndGlobalSection
	GlobalSection(SolutionProperties) = preSolution
		HideSolutionNode = FALSE
	EndGlobalSection
EndGlobal
