<?xml version="1.0" encoding="utf-8"?>
<Project ToolsVersion="4.0" xmlns="http://schemas.microsoft.com/developer/msbuild/2003">
  <ItemGroup>
    <Filter Include="Source Files">
      <UniqueIdentifier>{32463577-c8b2-441e-b5f5-e249faa4fe84}</UniqueIdentifier>
    </Filter>
    <Filter Include="Generated Files">
      <UniqueIdentifier>{9028f616-cc11-42d3-b9d6-84dcad20265c}</UniqueIdentifier>
      <SourceControlFiles>False</SourceControlFiles>
    </Filter>
  </ItemGroup>
  <ItemGroup>
    <None Include="FilterGraphServiceps.def" />
  </ItemGroup>
  <ItemGroup>
    <ClCompile Include="FilterGraphService_i.c">
      <Filter>Generated Files</Filter>
    </ClCompile>
    <ClCompile Include="FilterGraphService_p.c">
      <Filter>Generated Files</Filter>
    </ClCompile>
    <ClCompile Include="dlldata.c">
      <Filter>Generated Files</Filter>
    </ClCompile>
  </ItemGroup>
</Project>