<?xml version="1.0" encoding="utf-8"?>
<Project ToolsVersion="4.0" xmlns="http://schemas.microsoft.com/developer/msbuild/2003">
  <ItemGroup>
    <Filter Include="Source Files">
      <UniqueIdentifier>{7370e511-5784-4032-96d8-a051dc8593ce}</UniqueIdentifier>
    </Filter>
    <Filter Include="Generated Files">
      <UniqueIdentifier>{982911d7-8519-43a9-9cb1-77553d18b497}</UniqueIdentifier>
      <SourceControlFiles>False</SourceControlFiles>
    </Filter>
  </ItemGroup>
  <ItemGroup>
    <None Include="OutOfProcessComServerps.def" />
  </ItemGroup>
  <ItemGroup>
    <ClCompile Include="OutOfProcessComServer_i.c">
      <Filter>Generated Files</Filter>
    </ClCompile>
    <ClCompile Include="OutOfProcessComServer_p.c">
      <Filter>Generated Files</Filter>
    </ClCompile>
    <ClCompile Include="dlldata.c">
      <Filter>Generated Files</Filter>
    </ClCompile>
  </ItemGroup>
</Project>