
Microsoft Visual Studio Solution File, Format Version 10.00
# Visual Studio 2008
Project("{8BC9CEB8-8B4A-11D0-8D11-00A0C91BC942}") = "MfcWindowlessVideoRenderer01", "MfcWindowlessVideoRenderer01.vcproj", "{ABE2E232-9C86-4BEA-975B-C4CDDCF3019C}"
EndProject
Global
	GlobalSection(SolutionConfigurationPlatforms) = preSolution
		Debug|Win32 = Debug|Win32
		Release|Win32 = Release|Win32
	EndGlobalSection
	GlobalSection(ProjectConfigurationPlatforms) = postSolution
		{ABE2E232-9C86-4BEA-975B-C4CDDCF3019C}.Debug|Win32.ActiveCfg = Debug|Win32
		{ABE2E232-9C86-4BEA-975B-C4CDDCF3019C}.Debug|Win32.Build.0 = Debug|Win32
		{ABE2E232-9C86-4BEA-975B-C4CDDCF3019C}.Release|Win32.ActiveCfg = Release|Win32
		{ABE2E232-9C86-4BEA-975B-C4CDDCF3019C}.Release|Win32.Build.0 = Release|Win32
	EndGlobalSection
	GlobalSection(SolutionProperties) = preSolution
		HideSolutionNode = FALSE
	EndGlobalSection
EndGlobal
