<?xml version="1.0" encoding="utf-8"?>
<Project ToolsVersion="4.0" xmlns="http://schemas.microsoft.com/developer/msbuild/2003">
  <ItemGroup>
    <Filter Include="Source Files">
      <UniqueIdentifier>{7d74066d-7c71-4bb3-9f2a-de531c6ea745}</UniqueIdentifier>
    </Filter>
    <Filter Include="Generated Files">
      <UniqueIdentifier>{4dde8cb9-f76d-42c3-b3af-0ebe1b017bf0}</UniqueIdentifier>
      <SourceControlFiles>False</SourceControlFiles>
    </Filter>
  </ItemGroup>
  <ItemGroup>
    <None Include="RenderVideoSyncps.def" />
  </ItemGroup>
  <ItemGroup>
    <ClCompile Include="RenderVideoSync_i.c">
      <Filter>Generated Files</Filter>
    </ClCompile>
    <ClCompile Include="RenderVideoSync_p.c">
      <Filter>Generated Files</Filter>
    </ClCompile>
    <ClCompile Include="dlldata.c">
      <Filter>Generated Files</Filter>
    </ClCompile>
  </ItemGroup>
</Project>