<?xml version="1.0" encoding="utf-8"?>
<Project ToolsVersion="4.0" xmlns="http://schemas.microsoft.com/developer/msbuild/2003">
  <ItemGroup>
    <Filter Include="Source Files">
      <UniqueIdentifier>{ce0c45ba-e76b-464a-8833-da23ebecd668}</UniqueIdentifier>
    </Filter>
    <Filter Include="Generated Files">
      <UniqueIdentifier>{bfbbc7f4-6a91-4d9d-a58f-c659295ce043}</UniqueIdentifier>
      <SourceControlFiles>False</SourceControlFiles>
    </Filter>
  </ItemGroup>
  <ItemGroup>
    <None Include="PlayServiceps.def" />
  </ItemGroup>
  <ItemGroup>
    <ClCompile Include="PlayService_i.c">
      <Filter>Generated Files</Filter>
    </ClCompile>
    <ClCompile Include="PlayService_p.c">
      <Filter>Generated Files</Filter>
    </ClCompile>
    <ClCompile Include="dlldata.c">
      <Filter>Generated Files</Filter>
    </ClCompile>
  </ItemGroup>
</Project>