<?xml version="1.0" encoding="utf-8"?>
<Project ToolsVersion="4.0" xmlns="http://schemas.microsoft.com/developer/msbuild/2003">
  <ItemGroup>
    <Filter Include="Source Files">
      <UniqueIdentifier>{68b52ce9-ace1-4592-9e86-82482050d82a}</UniqueIdentifier>
    </Filter>
    <Filter Include="Generated Files">
      <UniqueIdentifier>{8866e629-259a-4dd6-a2c7-6e726318ee56}</UniqueIdentifier>
      <SourceControlFiles>False</SourceControlFiles>
    </Filter>
  </ItemGroup>
  <ItemGroup>
    <None Include="UaMobileToolsps.def" />
  </ItemGroup>
  <ItemGroup>
    <ClCompile Include="UaMobileTools_i.c">
      <Filter>Generated Files</Filter>
    </ClCompile>
    <ClCompile Include="UaMobileTools_p.c">
      <Filter>Generated Files</Filter>
    </ClCompile>
    <ClCompile Include="dlldata.c">
      <Filter>Generated Files</Filter>
    </ClCompile>
  </ItemGroup>
</Project>