<?xml version="1.0" encoding="utf-8"?>
<Project ToolsVersion="4.0" xmlns="http://schemas.microsoft.com/developer/msbuild/2003">
  <ItemGroup>
    <Filter Include="Source Files">
      <UniqueIdentifier>{4FC737F1-C7A5-4376-A066-2A32D752A2FF}</UniqueIdentifier>
      <Extensions>cpp;c;cc;cxx;def;odl;idl;hpj;bat;asm;asmx</Extensions>
    </Filter>
    <Filter Include="Header Files">
      <UniqueIdentifier>{93995380-89BD-4b04-88EB-625FBE52EBFB}</UniqueIdentifier>
      <Extensions>h;hpp;hxx;hm;inl;inc;xsd</Extensions>
    </Filter>
    <Filter Include="Resource Files">
      <UniqueIdentifier>{67DA6AB6-F800-4c08-8B7A-83BB121AAD01}</UniqueIdentifier>
      <Extensions>rc;ico;cur;bmp;dlg;rc2;rct;bin;rgs;gif;jpg;jpeg;jpe;resx;tiff;tif;png;wav;mfcribbon-ms</Extensions>
    </Filter>
    <Filter Include="Generated Files">
      <UniqueIdentifier>{53fd12cc-ddd2-4765-bea3-9472cd3f147a}</UniqueIdentifier>
      <SourceControlFiles>False</SourceControlFiles>
    </Filter>
    <Filter Include="Header Files\Include Files">
      <UniqueIdentifier>{6e194ef0-846f-45b4-b76c-c3a671c1712a}</UniqueIdentifier>
    </Filter>
  </ItemGroup>
  <ItemGroup>
    <ClCompile Include="stdafx.cpp">
      <Filter>Source Files</Filter>
    </ClCompile>
    <ClCompile Include="ShowHresult.cpp">
      <Filter>Source Files</Filter>
    </ClCompile>
    <ClCompile Include="ShowHresult_i.c">
      <Filter>Generated Files</Filter>
    </ClCompile>
  </ItemGroup>
  <ItemGroup>
    <ClInclude Include="stdafx.h">
      <Filter>Header Files</Filter>
    </ClInclude>
    <ClInclude Include="targetver.h">
      <Filter>Header Files</Filter>
    </ClInclude>
    <ClInclude Include="Resource.h">
      <Filter>Header Files</Filter>
    </ClInclude>
    <ClInclude Include="ShowHresult_i.h">
      <Filter>Generated Files</Filter>
    </ClInclude>
    <ClInclude Include="NotifyIconWindow.h">
      <Filter>Header Files</Filter>
    </ClInclude>
  </ItemGroup>
  <ItemGroup>
    <ResourceCompile Include="ShowHresult.rc">
      <Filter>Resource Files</Filter>
    </ResourceCompile>
  </ItemGroup>
  <ItemGroup>
    <None Include="ReadMe.txt" />
    <None Include="Module.ico">
      <Filter>Resource Files</Filter>
    </None>
    <None Include="Information.ico">
      <Filter>Resource Files</Filter>
    </None>
    <None Include="Module.rgs">
      <Filter>Resource Files</Filter>
    </None>
    <None Include="D3dIdentifier.inc">
      <Filter>Header Files\Include Files</Filter>
    </None>
    <None Include="MfIdentifier.inc">
      <Filter>Header Files\Include Files</Filter>
    </None>
    <None Include="DsIdentifier.inc">
      <Filter>Header Files\Include Files</Filter>
    </None>
    <None Include="SystemIdentifier.inc">
      <Filter>Header Files\Include Files</Filter>
    </None>
    <None Include="D2dIdentifier.inc">
      <Filter>Header Files</Filter>
    </None>
    <None Include="WicIdentifier.inc">
      <Filter>Header Files</Filter>
    </None>
    <None Include="WiaIdentifier.inc">
      <Filter>Header Files\Include Files</Filter>
    </None>
    <None Include="UrtIdentifier.Inc">
      <Filter>Header Files\Include Files</Filter>
    </None>
  </ItemGroup>
  <ItemGroup>
    <Midl Include="ShowHresult.idl">
      <Filter>Source Files</Filter>
    </Midl>
  </ItemGroup>
</Project>