<?xml version="1.0" encoding="utf-8"?>
<Project ToolsVersion="4.0" xmlns="http://schemas.microsoft.com/developer/msbuild/2003">
  <ItemGroup>
    <Filter Include="Source Files">
      <UniqueIdentifier>{4ef2bf7c-7cb5-4520-9db0-c948e535a3b6}</UniqueIdentifier>
    </Filter>
    <Filter Include="Generated Files">
      <UniqueIdentifier>{a6c4d4e4-97c2-4da5-b74c-03241fb9a835}</UniqueIdentifier>
      <SourceControlFiles>False</SourceControlFiles>
    </Filter>
  </ItemGroup>
  <ItemGroup>
    <None Include="JsObjectDispatchps.def" />
  </ItemGroup>
  <ItemGroup>
    <ClCompile Include="JsObjectDispatch_i.c">
      <Filter>Generated Files</Filter>
    </ClCompile>
    <ClCompile Include="JsObjectDispatch_p.c">
      <Filter>Generated Files</Filter>
    </ClCompile>
    <ClCompile Include="dlldata.c">
      <Filter>Generated Files</Filter>
    </ClCompile>
  </ItemGroup>
</Project>